
Microsoft Visual Studio Solution File, Format Version 12.00
# Visual Studio Version 17
VisualStudioVersion = 17.10.35013.160
MinimumVisualStudioVersion = 10.0.40219.1
Project("{9A19103F-16F7-4668-BE54-9A1E7A4F7556}") = "librepos", "librepos\librepos.csproj", "{B235A2BD-292E-4561-AD20-7B473C1428F8}"
EndProject
Global
	GlobalSection(SolutionConfigurationPlatforms) = preSolution
		Debug|Any CPU = Debug|Any CPU
		Release|Any CPU = Release|Any CPU
	EndGlobalSection
	GlobalSection(ProjectConfigurationPlatforms) = postSolution
		{B235A2BD-292E-4561-AD20-7B473C1428F8}.Debug|Any CPU.ActiveCfg = Debug|Any CPU
		{B235A2BD-292E-4561-AD20-7B473C1428F8}.Debug|Any CPU.Build.0 = Debug|Any CPU
		{B235A2BD-292E-4561-AD20-7B473C1428F8}.Debug|Any CPU.Deploy.0 = Debug|Any CPU
		{B235A2BD-292E-4561-AD20-7B473C1428F8}.Release|Any CPU.ActiveCfg = Release|Any CPU
		{B235A2BD-292E-4561-AD20-7B473C1428F8}.Release|Any CPU.Build.0 = Release|Any CPU
		{B235A2BD-292E-4561-AD20-7B473C1428F8}.Release|Any CPU.Deploy.0 = Release|Any CPU
	EndGlobalSection
	GlobalSection(SolutionProperties) = preSolution
		HideSolutionNode = FALSE
	EndGlobalSection
	GlobalSection(ExtensibilityGlobals) = postSolution
		SolutionGuid = {13FB34B2-C176-4DE7-A159-59DD98C519F4}
	EndGlobalSection
EndGlobal
